
Microsoft Visual Studio Solution File, Format Version 12.00
# Visual Studio Version 17
VisualStudioVersion = 17.4.33122.133
MinimumVisualStudioVersion = 10.0.40219.1
Project("{9A19103F-16F7-4668-BE54-9A1E7A4F7556}") = "API", "API\API.csproj", "{A4E1C93A-E070-47F3-BCA7-6A6DA33DA1FB}"
EndProject
Project("{FAE04EC0-301F-11D3-BF4B-00C04F79EFBC}") = "Domain", "Domain\Domain.csproj", "{5F0223AF-BD42-4DF7-A91F-3E74F6B9B595}"
EndProject
Project("{FAE04EC0-301F-11D3-BF4B-00C04F79EFBC}") = "Application", "Application\Application.csproj", "{5F8B72BB-229E-4512-8FDE-10206CDBA541}"
EndProject
Project("{FAE04EC0-301F-11D3-BF4B-00C04F79EFBC}") = "Persistence", "Persistence\Persistence.csproj", "{809B826E-7468-4E56-AC74-81838E568093}"
EndProject
Global
	GlobalSection(SolutionConfigurationPlatforms) = preSolution
		Debug|Any CPU = Debug|Any CPU
		Release|Any CPU = Release|Any CPU
	EndGlobalSection
	GlobalSection(ProjectConfigurationPlatforms) = postSolution
		{A4E1C93A-E070-47F3-BCA7-6A6DA33DA1FB}.Debug|Any CPU.ActiveCfg = Debug|Any CPU
		{A4E1C93A-E070-47F3-BCA7-6A6DA33DA1FB}.Debug|Any CPU.Build.0 = Debug|Any CPU
		{A4E1C93A-E070-47F3-BCA7-6A6DA33DA1FB}.Release|Any CPU.ActiveCfg = Release|Any CPU
		{A4E1C93A-E070-47F3-BCA7-6A6DA33DA1FB}.Release|Any CPU.Build.0 = Release|Any CPU
		{5F0223AF-BD42-4DF7-A91F-3E74F6B9B595}.Debug|Any CPU.ActiveCfg = Debug|Any CPU
		{5F0223AF-BD42-4DF7-A91F-3E74F6B9B595}.Debug|Any CPU.Build.0 = Debug|Any CPU
		{5F0223AF-BD42-4DF7-A91F-3E74F6B9B595}.Release|Any CPU.ActiveCfg = Release|Any CPU
		{5F0223AF-BD42-4DF7-A91F-3E74F6B9B595}.Release|Any CPU.Build.0 = Release|Any CPU
		{5F8B72BB-229E-4512-8FDE-10206CDBA541}.Debug|Any CPU.ActiveCfg = Debug|Any CPU
		{5F8B72BB-229E-4512-8FDE-10206CDBA541}.Debug|Any CPU.Build.0 = Debug|Any CPU
		{5F8B72BB-229E-4512-8FDE-10206CDBA541}.Release|Any CPU.ActiveCfg = Release|Any CPU
		{5F8B72BB-229E-4512-8FDE-10206CDBA541}.Release|Any CPU.Build.0 = Release|Any CPU
		{809B826E-7468-4E56-AC74-81838E568093}.Debug|Any CPU.ActiveCfg = Debug|Any CPU
		{809B826E-7468-4E56-AC74-81838E568093}.Debug|Any CPU.Build.0 = Debug|Any CPU
		{809B826E-7468-4E56-AC74-81838E568093}.Release|Any CPU.ActiveCfg = Release|Any CPU
		{809B826E-7468-4E56-AC74-81838E568093}.Release|Any CPU.Build.0 = Release|Any CPU
	EndGlobalSection
	GlobalSection(SolutionProperties) = preSolution
		HideSolutionNode = FALSE
	EndGlobalSection
	GlobalSection(ExtensibilityGlobals) = postSolution
		SolutionGuid = {30E13577-AB57-42FC-A54F-614FF1B7D710}
	EndGlobalSection
EndGlobal
